<?xml version="1.0" encoding="utf-8"?>
<Project ToolsVersion="4.0" xmlns="http://schemas.microsoft.com/developer/msbuild/2003">
  <ItemGroup>
    <Filter Include="Source Files">
      <UniqueIdentifier>{4FC737F1-C7A5-4376-A066-2A32D752A2FF}</UniqueIdentifier>
      <Extensions>cpp;c;cc;cxx;def;odl;idl;hpj;bat;asm;asmx</Extensions>
    </Filter>
    <Filter Include="Header Files">
      <UniqueIdentifier>{93995380-89BD-4b04-88EB-625FBE52EBFB}</UniqueIdentifier>
      <Extensions>h;hpp;hxx;hm;inl;inc;xsd</Extensions>
    </Filter>
    <Filter Include="Source Files\DataStruct">
      <UniqueIdentifier>{f0f1aa05-ae3c-4a27-9d48-5f0656039a99}</UniqueIdentifier>
    </Filter>
    <Filter Include="Source Files\Miscellaneous">
      <UniqueIdentifier>{f1428224-26ee-4e0a-b6e8-c6d8ea4c1240}</UniqueIdentifier>
    </Filter>
  </ItemGroup>
  <ItemGroup>
    <ClCompile Include="..\..\Source\DataStruct\DS_BytePool.cpp">
      <Filter>Source Files\DataStruct</Filter>
    </ClCompile>
    <ClCompile Include="..\..\Source\DataStruct\DS_ByteQueue.cpp">
      <Filter>Source Files\DataStruct</Filter>
    </ClCompile>
    <ClCompile Include="..\..\Source\DataStruct\DS_HuffmanEncodingTree.cpp">
      <Filter>Source Files\DataStruct</Filter>
    </ClCompile>
    <ClCompile Include="..\..\Source\DataStruct\DS_Table.cpp">
      <Filter>Source Files\DataStruct</Filter>
    </ClCompile>
    <ClCompile Include="..\..\Source\CCRakNetSlidingWindow.cpp">
      <Filter>Source Files</Filter>
    </ClCompile>
    <ClCompile Include="..\..\Source\CCRakNetUDT.cpp">
      <Filter>Source Files</Filter>
    </ClCompile>
    <ClCompile Include="..\..\Source\CommandParserInterface.cpp">
      <Filter>Source Files</Filter>
    </ClCompile>
    <ClCompile Include="..\..\Source\LocklessTypes.cpp">
      <Filter>Source Files</Filter>
    </ClCompile>
    <ClCompile Include="..\..\Source\NetworkIDManager.cpp">
      <Filter>Source Files</Filter>
    </ClCompile>
    <ClCompile Include="..\..\Source\NetworkIDObject.cpp">
      <Filter>Source Files</Filter>
    </ClCompile>
    <ClCompile Include="..\..\Source\PacketizedTCP.cpp">
      <Filter>Source Files</Filter>
    </ClCompile>
    <ClCompile Include="..\..\Source\PluginInterface2.cpp">
      <Filter>Source Files</Filter>
    </ClCompile>
    <ClCompile Include="..\..\Source\RakNetCommandParser.cpp">
      <Filter>Source Files</Filter>
    </ClCompile>
    <ClCompile Include="..\..\Source\RakNetSocket2.cpp">
      <Filter>Source Files</Filter>
    </ClCompile>
    <ClCompile Include="..\..\Source\RakNetSocket2_Berkley.cpp">
      <Filter>Source Files</Filter>
    </ClCompile>
    <ClCompile Include="..\..\Source\RakNetSocket2_Berkley_NativeClient.cpp">
      <Filter>Source Files</Filter>
    </ClCompile>
    <ClCompile Include="..\..\Source\RakNetSocket2_Windows_Linux.cpp">
      <Filter>Source Files</Filter>
    </ClCompile>
    <ClCompile Include="..\..\Source\RakNetSocket2_Windows_Linux_360.cpp">
      <Filter>Source Files</Filter>
    </ClCompile>
    <ClCompile Include="..\..\Source\RakNetTransport2.cpp">
      <Filter>Source Files</Filter>
    </ClCompile>
    <ClCompile Include="..\..\Source\RakNetTypes.cpp">
      <Filter>Source Files</Filter>
    </ClCompile>
    <ClCompile Include="..\..\Source\RakPeer.cpp">
      <Filter>Source Files</Filter>
    </ClCompile>
    <ClCompile Include="..\..\Source\RakSleep.cpp">
      <Filter>Source Files</Filter>
    </ClCompile>
    <ClCompile Include="..\..\Source\ReliabilityLayer.cpp">
      <Filter>Source Files</Filter>
    </ClCompile>
    <ClCompile Include="..\..\Source\SocketLayer.cpp">
      <Filter>Source Files</Filter>
    </ClCompile>
    <ClCompile Include="..\..\Source\TCPInterface.cpp">
      <Filter>Source Files</Filter>
    </ClCompile>
    <ClCompile Include="..\..\Source\WSAStartupSingleton.cpp">
      <Filter>Source Files</Filter>
    </ClCompile>
    <ClCompile Include="..\..\Source\Miscellaneous\RakMemoryOverride.cpp">
      <Filter>Source Files\Miscellaneous</Filter>
    </ClCompile>
    <ClCompile Include="..\..\Source\Miscellaneous\RakNetStatistics.cpp">
      <Filter>Source Files\Miscellaneous</Filter>
    </ClCompile>
    <ClCompile Include="..\..\Source\Miscellaneous\RakString.cpp">
      <Filter>Source Files\Miscellaneous</Filter>
    </ClCompile>
    <ClCompile Include="..\..\Source\Miscellaneous\RakThread.cpp">
      <Filter>Source Files\Miscellaneous</Filter>
    </ClCompile>
    <ClCompile Include="..\..\Source\Miscellaneous\RakWString.cpp">
      <Filter>Source Files\Miscellaneous</Filter>
    </ClCompile>
    <ClCompile Include="..\..\Source\Miscellaneous\Rand.cpp">
      <Filter>Source Files\Miscellaneous</Filter>
    </ClCompile>
    <ClCompile Include="..\..\Source\Miscellaneous\SendToThread.cpp">
      <Filter>Source Files\Miscellaneous</Filter>
    </ClCompile>
    <ClCompile Include="..\..\Source\Miscellaneous\SignaledEvent.cpp">
      <Filter>Source Files\Miscellaneous</Filter>
    </ClCompile>
    <ClCompile Include="..\..\Source\Miscellaneous\SimpleMutex.cpp">
      <Filter>Source Files\Miscellaneous</Filter>
    </ClCompile>
    <ClCompile Include="..\..\Source\Miscellaneous\StatisticsHistory.cpp">
      <Filter>Source Files\Miscellaneous</Filter>
    </ClCompile>
    <ClCompile Include="..\..\Source\Miscellaneous\StringCompressor.cpp">
      <Filter>Source Files\Miscellaneous</Filter>
    </ClCompile>
    <ClCompile Include="..\..\Source\Miscellaneous\StringTable.cpp">
      <Filter>Source Files\Miscellaneous</Filter>
    </ClCompile>
    <ClCompile Include="..\..\Source\Miscellaneous\Base64Encoder.cpp">
      <Filter>Source Files\Miscellaneous</Filter>
    </ClCompile>
    <ClCompile Include="..\..\Source\Miscellaneous\BitStream.cpp">
      <Filter>Source Files\Miscellaneous</Filter>
    </ClCompile>
    <ClCompile Include="..\..\Source\Miscellaneous\CheckSum.cpp">
      <Filter>Source Files\Miscellaneous</Filter>
    </ClCompile>
    <ClCompile Include="..\..\Source\Miscellaneous\DR_SHA1.cpp">
      <Filter>Source Files\Miscellaneous</Filter>
    </ClCompile>
    <ClCompile Include="..\..\Source\Miscellaneous\DynDNS.cpp">
      <Filter>Source Files\Miscellaneous</Filter>
    </ClCompile>
    <ClCompile Include="..\..\Source\Miscellaneous\GetTime.cpp">
      <Filter>Source Files\Miscellaneous</Filter>
    </ClCompile>
    <ClCompile Include="..\..\Source\Miscellaneous\gettimeofday.cpp">
      <Filter>Source Files\Miscellaneous</Filter>
    </ClCompile>
    <ClCompile Include="..\..\Source\Miscellaneous\Itoa.cpp">
      <Filter>Source Files\Miscellaneous</Filter>
    </ClCompile>
    <ClCompile Include="..\..\Source\Miscellaneous\SuperFastHash.cpp">
      <Filter>Source Files\Miscellaneous</Filter>
    </ClCompile>
    <ClCompile Include="..\..\Source\LogCommandParser.cpp">
      <Filter>Source Files</Filter>
    </ClCompile>
  </ItemGroup>
  <ItemGroup>
    <ClInclude Include="..\..\Source\DataStruct\DS_BinarySearchTree.h">
      <Filter>Source Files\DataStruct</Filter>
    </ClInclude>
    <ClInclude Include="..\..\Source\DataStruct\DS_BPlusTree.h">
      <Filter>Source Files\DataStruct</Filter>
    </ClInclude>
    <ClInclude Include="..\..\Source\DataStruct\DS_BytePool.h">
      <Filter>Source Files\DataStruct</Filter>
    </ClInclude>
    <ClInclude Include="..\..\Source\DataStruct\DS_ByteQueue.h">
      <Filter>Source Files\DataStruct</Filter>
    </ClInclude>
    <ClInclude Include="..\..\Source\DataStruct\DS_Hash.h">
      <Filter>Source Files\DataStruct</Filter>
    </ClInclude>
    <ClInclude Include="..\..\Source\DataStruct\DS_Heap.h">
      <Filter>Source Files\DataStruct</Filter>
    </ClInclude>
    <ClInclude Include="..\..\Source\DataStruct\DS_HuffmanEncodingTree.h">
      <Filter>Source Files\DataStruct</Filter>
    </ClInclude>
    <ClInclude Include="..\..\Source\DataStruct\DS_HuffmanEncodingTreeFactory.h">
      <Filter>Source Files\DataStruct</Filter>
    </ClInclude>
    <ClInclude Include="..\..\Source\DataStruct\DS_HuffmanEncodingTreeNode.h">
      <Filter>Source Files\DataStruct</Filter>
    </ClInclude>
    <ClInclude Include="..\..\Source\DataStruct\DS_LinkedList.h">
      <Filter>Source Files\DataStruct</Filter>
    </ClInclude>
    <ClInclude Include="..\..\Source\DataStruct\DS_List.h">
      <Filter>Source Files\DataStruct</Filter>
    </ClInclude>
    <ClInclude Include="..\..\Source\DataStruct\DS_Map.h">
      <Filter>Source Files\DataStruct</Filter>
    </ClInclude>
    <ClInclude Include="..\..\Source\DataStruct\DS_MemoryPool.h">
      <Filter>Source Files\DataStruct</Filter>
    </ClInclude>
    <ClInclude Include="..\..\Source\DataStruct\DS_Multilist.h">
      <Filter>Source Files\DataStruct</Filter>
    </ClInclude>
    <ClInclude Include="..\..\Source\DataStruct\DS_OrderedChannelHeap.h">
      <Filter>Source Files\DataStruct</Filter>
    </ClInclude>
    <ClInclude Include="..\..\Source\DataStruct\DS_OrderedList.h">
      <Filter>Source Files\DataStruct</Filter>
    </ClInclude>
    <ClInclude Include="..\..\Source\DataStruct\DS_Queue.h">
      <Filter>Source Files\DataStruct</Filter>
    </ClInclude>
    <ClInclude Include="..\..\Source\DataStruct\DS_QueueLinkedList.h">
      <Filter>Source Files\DataStruct</Filter>
    </ClInclude>
    <ClInclude Include="..\..\Source\DataStruct\DS_RangeList.h">
      <Filter>Source Files\DataStruct</Filter>
    </ClInclude>
    <ClInclude Include="..\..\Source\DataStruct\DS_Table.h">
      <Filter>Source Files\DataStruct</Filter>
    </ClInclude>
    <ClInclude Include="..\..\Source\DataStruct\DS_ThreadsafeAllocatingQueue.h">
      <Filter>Source Files\DataStruct</Filter>
    </ClInclude>
    <ClInclude Include="..\..\Source\DataStruct\DS_Tree.h">
      <Filter>Source Files\DataStruct</Filter>
    </ClInclude>
    <ClInclude Include="..\..\Source\DataStruct\DS_WeightedGraph.h">
      <Filter>Source Files\DataStruct</Filter>
    </ClInclude>
    <ClInclude Include="..\..\Source\WSAStartupSingleton.h">
      <Filter>Source Files</Filter>
    </ClInclude>
    <ClInclude Include="..\..\Source\CCRakNetSlidingWindow.h">
      <Filter>Source Files</Filter>
    </ClInclude>
    <ClInclude Include="..\..\Source\CCRakNetUDT.h">
      <Filter>Source Files</Filter>
    </ClInclude>
    <ClInclude Include="..\..\Source\CommandParserInterface.h">
      <Filter>Source Files</Filter>
    </ClInclude>
    <ClInclude Include="..\..\Source\InternalPacket.h">
      <Filter>Source Files</Filter>
    </ClInclude>
    <ClInclude Include="..\..\Source\LocklessTypes.h">
      <Filter>Source Files</Filter>
    </ClInclude>
    <ClInclude Include="..\..\Source\MessageIdentifiers.h">
      <Filter>Source Files</Filter>
    </ClInclude>
    <ClInclude Include="..\..\Source\MTUSize.h">
      <Filter>Source Files</Filter>
    </ClInclude>
    <ClInclude Include="..\..\Source\NativeFeatureIncludes.h">
      <Filter>Source Files</Filter>
    </ClInclude>
    <ClInclude Include="..\..\Source\NativeTypes.h">
      <Filter>Source Files</Filter>
    </ClInclude>
    <ClInclude Include="..\..\Source\NetworkIDManager.h">
      <Filter>Source Files</Filter>
    </ClInclude>
    <ClInclude Include="..\..\Source\NetworkIDObject.h">
      <Filter>Source Files</Filter>
    </ClInclude>
    <ClInclude Include="..\..\Source\PacketizedTCP.h">
      <Filter>Source Files</Filter>
    </ClInclude>
    <ClInclude Include="..\..\Source\PacketPriority.h">
      <Filter>Source Files</Filter>
    </ClInclude>
    <ClInclude Include="..\..\Source\PluginInterface2.h">
      <Filter>Source Files</Filter>
    </ClInclude>
    <ClInclude Include="..\..\Source\RakNetCommandParser.h">
      <Filter>Source Files</Filter>
    </ClInclude>
    <ClInclude Include="..\..\Source\RakNetDefines.h">
      <Filter>Source Files</Filter>
    </ClInclude>
    <ClInclude Include="..\..\Source\RakNetSocket2.h">
      <Filter>Source Files</Filter>
    </ClInclude>
    <ClInclude Include="..\..\Source\RakNetTransport2.h">
      <Filter>Source Files</Filter>
    </ClInclude>
    <ClInclude Include="..\..\Source\RakNetTypes.h">
      <Filter>Source Files</Filter>
    </ClInclude>
    <ClInclude Include="..\..\Source\RakPeer.h">
      <Filter>Source Files</Filter>
    </ClInclude>
    <ClInclude Include="..\..\Source\RakPeerInterface.h">
      <Filter>Source Files</Filter>
    </ClInclude>
    <ClInclude Include="..\..\Source\RakSleep.h">
      <Filter>Source Files</Filter>
    </ClInclude>
    <ClInclude Include="..\..\Source\ReliabilityLayer.h">
      <Filter>Source Files</Filter>
    </ClInclude>
    <ClInclude Include="..\..\Source\SocketDefines.h">
      <Filter>Source Files</Filter>
    </ClInclude>
    <ClInclude Include="..\..\Source\SocketIncludes.h">
      <Filter>Source Files</Filter>
    </ClInclude>
    <ClInclude Include="..\..\Source\SocketLayer.h">
      <Filter>Source Files</Filter>
    </ClInclude>
    <ClInclude Include="..\..\Source\TCPInterface.h">
      <Filter>Source Files</Filter>
    </ClInclude>
    <ClInclude Include="..\..\Source\TransportInterface.h">
      <Filter>Source Files</Filter>
    </ClInclude>
    <ClInclude Include="..\..\Source\WindowsIncludes.h">
      <Filter>Source Files</Filter>
    </ClInclude>
    <ClInclude Include="..\..\Source\Miscellaneous\RakAlloca.h">
      <Filter>Source Files\Miscellaneous</Filter>
    </ClInclude>
    <ClInclude Include="..\..\Source\Miscellaneous\RakAssert.h">
      <Filter>Source Files\Miscellaneous</Filter>
    </ClInclude>
    <ClInclude Include="..\..\Source\Miscellaneous\RakMemoryOverride.h">
      <Filter>Source Files\Miscellaneous</Filter>
    </ClInclude>
    <ClInclude Include="..\..\Source\Miscellaneous\RakNetStatistics.h">
      <Filter>Source Files\Miscellaneous</Filter>
    </ClInclude>
    <ClInclude Include="..\..\Source\Miscellaneous\RakNetTime.h">
      <Filter>Source Files\Miscellaneous</Filter>
    </ClInclude>
    <ClInclude Include="..\..\Source\Miscellaneous\RakNetVersion.h">
      <Filter>Source Files\Miscellaneous</Filter>
    </ClInclude>
    <ClInclude Include="..\..\Source\Miscellaneous\RakString.h">
      <Filter>Source Files\Miscellaneous</Filter>
    </ClInclude>
    <ClInclude Include="..\..\Source\Miscellaneous\RakThread.h">
      <Filter>Source Files\Miscellaneous</Filter>
    </ClInclude>
    <ClInclude Include="..\..\Source\Miscellaneous\RakWString.h">
      <Filter>Source Files\Miscellaneous</Filter>
    </ClInclude>
    <ClInclude Include="..\..\Source\Miscellaneous\Rand.h">
      <Filter>Source Files\Miscellaneous</Filter>
    </ClInclude>
    <ClInclude Include="..\..\Source\Miscellaneous\RefCountedObj.h">
      <Filter>Source Files\Miscellaneous</Filter>
    </ClInclude>
    <ClInclude Include="..\..\Source\Miscellaneous\SendToThread.h">
      <Filter>Source Files\Miscellaneous</Filter>
    </ClInclude>
    <ClInclude Include="..\..\Source\Miscellaneous\SignaledEvent.h">
      <Filter>Source Files\Miscellaneous</Filter>
    </ClInclude>
    <ClInclude Include="..\..\Source\Miscellaneous\SimpleMutex.h">
      <Filter>Source Files\Miscellaneous</Filter>
    </ClInclude>
    <ClInclude Include="..\..\Source\Miscellaneous\StatisticsHistory.h">
      <Filter>Source Files\Miscellaneous</Filter>
    </ClInclude>
    <ClInclude Include="..\..\Source\Miscellaneous\StringCompressor.h">
      <Filter>Source Files\Miscellaneous</Filter>
    </ClInclude>
    <ClInclude Include="..\..\Source\Miscellaneous\StringTable.h">
      <Filter>Source Files\Miscellaneous</Filter>
    </ClInclude>
    <ClInclude Include="..\..\Source\Miscellaneous\ThreadPool.h">
      <Filter>Source Files\Miscellaneous</Filter>
    </ClInclude>
    <ClInclude Include="..\..\Source\Miscellaneous\Base64Encoder.h">
      <Filter>Source Files\Miscellaneous</Filter>
    </ClInclude>
    <ClInclude Include="..\..\Source\Miscellaneous\BitStream.h">
      <Filter>Source Files\Miscellaneous</Filter>
    </ClInclude>
    <ClInclude Include="..\..\Source\Miscellaneous\CheckSum.h">
      <Filter>Source Files\Miscellaneous</Filter>
    </ClInclude>
    <ClInclude Include="..\..\Source\Miscellaneous\DR_SHA1.h">
      <Filter>Source Files\Miscellaneous</Filter>
    </ClInclude>
    <ClInclude Include="..\..\Source\Miscellaneous\DynDNS.h">
      <Filter>Source Files\Miscellaneous</Filter>
    </ClInclude>
    <ClInclude Include="..\..\Source\Miscellaneous\Export.h">
      <Filter>Source Files\Miscellaneous</Filter>
    </ClInclude>
    <ClInclude Include="..\..\Source\Miscellaneous\GetTime.h">
      <Filter>Source Files\Miscellaneous</Filter>
    </ClInclude>
    <ClInclude Include="..\..\Source\Miscellaneous\gettimeofday.h">
      <Filter>Source Files\Miscellaneous</Filter>
    </ClInclude>
    <ClInclude Include="..\..\Source\Miscellaneous\Itoa.h">
      <Filter>Source Files\Miscellaneous</Filter>
    </ClInclude>
    <ClInclude Include="..\..\Source\Miscellaneous\SuperFastHash.h">
      <Filter>Source Files\Miscellaneous</Filter>
    </ClInclude>
    <ClInclude Include="..\..\Source\LogCommandParser.h">
      <Filter>Source Files</Filter>
    </ClInclude>
  </ItemGroup>
  <ItemGroup>
    <None Include="readme.txt" />
  </ItemGroup>
</Project>